
Microsoft Visual Studio Solution File, Format Version 12.00
# Visual Studio Version 17
VisualStudioVersion = 17.5.002.0
MinimumVisualStudioVersion = 10.0.40219.1
Project("{9A19103F-16F7-4668-BE54-9A1E7A4F7556}") = "Todo.webapi", "Todo.webapi.csproj", "{A6A19F5B-F0D5-408D-BDCB-1BA195EF7370}"
EndProject
Global
	GlobalSection(SolutionConfigurationPlatforms) = preSolution
		Debug|Any CPU = Debug|Any CPU
		Release|Any CPU = Release|Any CPU
	EndGlobalSection
	GlobalSection(ProjectConfigurationPlatforms) = postSolution
		{A6A19F5B-F0D5-408D-BDCB-1BA195EF7370}.Debug|Any CPU.ActiveCfg = Debug|Any CPU
		{A6A19F5B-F0D5-408D-BDCB-1BA195EF7370}.Debug|Any CPU.Build.0 = Debug|Any CPU
		{A6A19F5B-F0D5-408D-BDCB-1BA195EF7370}.Release|Any CPU.ActiveCfg = Release|Any CPU
		{A6A19F5B-F0D5-408D-BDCB-1BA195EF7370}.Release|Any CPU.Build.0 = Release|Any CPU
	EndGlobalSection
	GlobalSection(SolutionProperties) = preSolution
		HideSolutionNode = FALSE
	EndGlobalSection
	GlobalSection(ExtensibilityGlobals) = postSolution
		SolutionGuid = {54351D22-FAB2-4A20-8F23-31558F5C738C}
	EndGlobalSection
EndGlobal
